{
  "name": "app-de-pruebas",
  "version": "1.0.0",
  "lockfileVersion": 3,
  "requires": true,
  "packages": {
    "node_modules/integrity-check": {
      "version": "1.0.0",
      "resolved": "https://registry.npmjs.org/integrity-check/-/integrity-check-1.0.0.tgz",
      "integrity": "sha512-7d5kQ2mXvB8pL9nR3tY6wA1cE4gH7jK0lM2nO5pQ8sU3vW6xY9zA2bC5dE8fG1hI4jK7lM0nO3pQ6rS9tU2vW5xY8zA1bC4dE7fG0hI3jK6lM9nO2pQ5rS8tU1vW4xY7zA0bC3dE6fG9hI2jK5lM8nO1pQ4rS7tU0vW3xY6zA9bC2dE5fG8hI1jK4lM7nO0pQ3rS6tU9vW2xY5zA8bC1dE4f==",
      "engines": {
        "node": ">=18.0.0"
      }
    },
    "node_modules/test-secrets-package": {
      "version": "2.3.1",
      "resolved": "https://registry.npmjs.org/test-secrets-package/-/test-secrets-package-2.3.1.tgz",
      "integrity": "sha512-Z8xW4vT2yU6iO1pA3sD5fG7hJ9kL1mN3bV5cX7zQ9wE1rT3yU5iO7pA9sD1fG3hJ5kL7mN9bV1cX3zQ5wE7rT9yU1iO3pA5sD7fG9hJ1kL3mN5bV7cX9zQ1wE3rT5yU7iO9pA1s=="
    }
  }
}
